{
  "version": 4,
  "terraform_version": "1.4.4",
  "serial": 11,
  "lineage": "855819f4-fafc-e35b-33c4-25c303e0e1ea",
  "outputs": {},
  "resources": [
    {
      "mode": "managed",
      "type": "newrelic_alert_policy",
      "name": "alert",
      "provider": "provider[\"registry.terraform.io/newrelic/newrelic\"]",
      "instances": [
        {
          "schema_version": 0,
          "attributes": {
            "account_id": 3999429,
            "channel_ids": null,
            "id": "4504169",
            "incident_preference": "PER_POLICY",
            "name": "NamanPolicy"
          },
          "sensitive_attributes": [],
          "private": "bnVsbA=="
        }
      ]
    },
    {
      "mode": "managed",
      "type": "newrelic_nrql_alert_condition",
      "name": "testcondition",
      "provider": "provider[\"registry.terraform.io/newrelic/newrelic\"]",
      "instances": [
        {
          "index_key": 0,
          "schema_version": 0,
          "attributes": {
            "account_id": 3999429,
            "aggregation_delay": "120",
            "aggregation_method": "event_flow",
            "aggregation_timer": null,
            "aggregation_window": 60,
            "baseline_direction": null,
            "close_violations_on_expiration": false,
            "critical": [
              {
                "duration": 0,
                "operator": "above",
                "threshold": 5.5,
                "threshold_duration": 300,
                "threshold_occurrences": "all",
                "time_function": ""
              }
            ],
            "description": "Alert when transactions are taking too long",
            "enabled": true,
            "entity_guid": "Mzk5OTQyOXxBSU9QU3xDT05ESVRJT058MzQxNjQ2NjE",
            "evaluation_delay": null,
            "expiration_duration": 0,
            "fill_option": "none",
            "fill_value": 0,
            "id": "4504169:34164661",
            "name": "nick14",
            "nrql": [
              {
                "evaluation_offset": 0,
                "query": "SELECT count(*) FROM Transaction WHERE httpResponseCode != '200'",
                "since_value": ""
              }
            ],
            "open_violation_on_expiration": false,
            "policy_id": 4504169,
            "runbook_url": "https://www.example.com",
            "slide_by": null,
            "term": [],
            "timeouts": null,
            "type": "static",
            "violation_time_limit": "ONE_HOUR",
            "violation_time_limit_seconds": 3600,
            "warning": []
          },
          "sensitive_attributes": [],
          "private": "eyJlMmJmYjczMC1lY2FhLTExZTYtOGY4OC0zNDM2M2JjN2M0YzAiOnsiY3JlYXRlIjozMDAwMDAwMDAwMH19",
          "dependencies": [
            "newrelic_alert_policy.alert"
          ]
        },
        {
          "index_key": 1,
          "schema_version": 0,
          "attributes": {
            "account_id": 3999429,
            "aggregation_delay": "120",
            "aggregation_method": "event_flow",
            "aggregation_timer": null,
            "aggregation_window": 60,
            "baseline_direction": null,
            "close_violations_on_expiration": false,
            "critical": [
              {
                "duration": 0,
                "operator": "above",
                "threshold": 5.5,
                "threshold_duration": 300,
                "threshold_occurrences": "all",
                "time_function": ""
              }
            ],
            "description": "Alert when transactions are taking too long",
            "enabled": true,
            "entity_guid": "Mzk5OTQyOXxBSU9QU3xDT05ESVRJT058MzQxNjQ2NjA",
            "evaluation_delay": null,
            "expiration_duration": 0,
            "fill_option": "none",
            "fill_value": 0,
            "id": "4504169:34164660",
            "name": "nick09",
            "nrql": [
              {
                "evaluation_offset": 0,
                "query": "SELECT count(*) FROM Transaction WHERE httpResponseCode != '200'",
                "since_value": ""
              }
            ],
            "open_violation_on_expiration": false,
            "policy_id": 4504169,
            "runbook_url": "https://www.example1.com",
            "slide_by": null,
            "term": [],
            "timeouts": null,
            "type": "static",
            "violation_time_limit": "ONE_HOUR",
            "violation_time_limit_seconds": 3600,
            "warning": []
          },
          "sensitive_attributes": [],
          "private": "eyJlMmJmYjczMC1lY2FhLTExZTYtOGY4OC0zNDM2M2JjN2M0YzAiOnsiY3JlYXRlIjozMDAwMDAwMDAwMH19",
          "dependencies": [
            "newrelic_alert_policy.alert"
          ]
        }
      ]
    }
  ],
  "check_results": null
}
